{
  "name": "aether-v-icons",
  "version": "1.0.0",
  "lockfileVersion": 3,
  "requires": true,
  "packages": {
    "": {
      "name": "aether-v-icons",
      "version": "1.0.0",
      "license": "MIT",
      "dependencies": {
        "@material-design-icons/svg": "^0.14.15"
      }
    },
    "node_modules/@material-design-icons/svg": {
      "version": "0.14.15",
      "resolved": "https://registry.npmjs.org/@material-design-icons/svg/-/svg-0.14.15.tgz",
      "integrity": "sha512-6nbjwGwyJnphwQUscJAYqw1Tk6+W8KvsgOAeyVgzIFXVsHfgX5XyplTUcZ29wbcTUysMMyCUi1LYpmFKA/e61g==",
      "license": "Apache-2.0"
    }
  }
}
